
Microsoft Visual Studio Solution File, Format Version 12.00
# Visual Studio 2012
Project("{FAE04EC0-301F-11D3-BF4B-00C04F79EFBC}") = "ReportConverter", "ReportConverter\ReportConverter.csproj", "{F802933C-5A2A-458D-9211-93DB7C06B822}"
EndProject
Global
	GlobalSection(SolutionConfigurationPlatforms) = preSolution
		Debug|Any CPU = Debug|Any CPU
		Release|Any CPU = Release|Any CPU
	EndGlobalSection
	GlobalSection(ProjectConfigurationPlatforms) = postSolution
		{F802933C-5A2A-458D-9211-93DB7C06B822}.Debug|Any CPU.ActiveCfg = Debug|Any CPU
		{F802933C-5A2A-458D-9211-93DB7C06B822}.Debug|Any CPU.Build.0 = Debug|Any CPU
		{F802933C-5A2A-458D-9211-93DB7C06B822}.Release|Any CPU.ActiveCfg = Release|Any CPU
		{F802933C-5A2A-458D-9211-93DB7C06B822}.Release|Any CPU.Build.0 = Release|Any CPU
	EndGlobalSection
	GlobalSection(SolutionProperties) = preSolution
		HideSolutionNode = FALSE
	EndGlobalSection
EndGlobal
